// !$*UTF8*$!
{
	archiveVersion = 1;
	classes = {
	};
	objectVersion = 77;
	objects = {

/* Begin PBXBuildFile section */
		17A7B568B42C8FDCCF7D6D4A /* ContentView.swift in Sources */ = {isa = PBXBuildFile; fileRef = 3FF8F500097C69E58489EAA0 /* ContentView.swift */; };
		37D5A72DF9D4A0A5EEBDE077 /* FolderPicking.swift in Sources */ = {isa = PBXBuildFile; fileRef = 36716288BAB11C21DFC97426 /* FolderPicking.swift */; };
		439563972852D52A489A2DD0 /* Assets.xcassets in Resources */ = {isa = PBXBuildFile; fileRef = 408674AE3E5D03D2C43D7631 /* Assets.xcassets */; };
		5C71B34DA9225499937CF84A /* ImageBrowserApp.swift in Sources */ = {isa = PBXBuildFile; fileRef = 5235A1FB2C0901373CAB3BEE /* ImageBrowserApp.swift */; };
		85D6BC30B74F86F762306F7C /* AppStateTests.swift in Sources */ = {isa = PBXBuildFile; fileRef = 6A19F878EA331A44889C6E82 /* AppStateTests.swift */; };
		945235624928B6193B7E7B1D /* ImageBrowserUITests.swift in Sources */ = {isa = PBXBuildFile; fileRef = BBB2A0C7622E11BF4E74FB8F /* ImageBrowserUITests.swift */; };
		A8BCB927568521CEFDD41942 /* AppDependencies.swift in Sources */ = {isa = PBXBuildFile; fileRef = 9A7B51DECBDAABE222098C57 /* AppDependencies.swift */; };
		EA2491FF67186DACBA088A5B /* AppState.swift in Sources */ = {isa = PBXBuildFile; fileRef = B03390E4B862F99BD579373A /* AppState.swift */; };
		EE03439B6D5A303F3970EF98 /* TestUtilities.swift in Sources */ = {isa = PBXBuildFile; fileRef = AE379F0E7A4E752E73A2AA95 /* TestUtilities.swift */; };
		EE57AFBCF8FDA56266FB52E9 /* FolderEnumerationTests.swift in Sources */ = {isa = PBXBuildFile; fileRef = 027705B08F3A2A887699AB1D /* FolderEnumerationTests.swift */; };
/* End PBXBuildFile section */

/* Begin PBXContainerItemProxy section */
		D5AA018922A6E971B714DF98 /* PBXContainerItemProxy */ = {
			isa = PBXContainerItemProxy;
			containerPortal = 6016C9F57270B0A3FD9F5F2C /* Project object */;
			proxyType = 1;
			remoteGlobalIDString = 400D5A2D3D5195A4A6E00041;
			remoteInfo = ImageBrowser;
		};
		D8B33C4B3B5A32332A786A4F /* PBXContainerItemProxy */ = {
			isa = PBXContainerItemProxy;
			containerPortal = 6016C9F57270B0A3FD9F5F2C /* Project object */;
			proxyType = 1;
			remoteGlobalIDString = 400D5A2D3D5195A4A6E00041;
			remoteInfo = ImageBrowser;
		};
/* End PBXContainerItemProxy section */

/* Begin PBXFileReference section */
		027705B08F3A2A887699AB1D /* FolderEnumerationTests.swift */ = {isa = PBXFileReference; lastKnownFileType = sourcecode.swift; path = FolderEnumerationTests.swift; sourceTree = "<group>"; };
		36716288BAB11C21DFC97426 /* FolderPicking.swift */ = {isa = PBXFileReference; lastKnownFileType = sourcecode.swift; path = FolderPicking.swift; sourceTree = "<group>"; };
		3FF8F500097C69E58489EAA0 /* ContentView.swift */ = {isa = PBXFileReference; lastKnownFileType = sourcecode.swift; path = ContentView.swift; sourceTree = "<group>"; };
		408674AE3E5D03D2C43D7631 /* Assets.xcassets */ = {isa = PBXFileReference; lastKnownFileType = folder.assetcatalog; path = Assets.xcassets; sourceTree = "<group>"; };
		462148C641D7B6C298B288CD /* ImageBrowserUITests.xctest */ = {isa = PBXFileReference; explicitFileType = wrapper.cfbundle; includeInIndex = 0; path = ImageBrowserUITests.xctest; sourceTree = BUILT_PRODUCTS_DIR; };
		5235A1FB2C0901373CAB3BEE /* ImageBrowserApp.swift */ = {isa = PBXFileReference; lastKnownFileType = sourcecode.swift; path = ImageBrowserApp.swift; sourceTree = "<group>"; };
		6A19F878EA331A44889C6E82 /* AppStateTests.swift */ = {isa = PBXFileReference; lastKnownFileType = sourcecode.swift; path = AppStateTests.swift; sourceTree = "<group>"; };
		9A7B51DECBDAABE222098C57 /* AppDependencies.swift */ = {isa = PBXFileReference; lastKnownFileType = sourcecode.swift; path = AppDependencies.swift; sourceTree = "<group>"; };
		AE379F0E7A4E752E73A2AA95 /* TestUtilities.swift */ = {isa = PBXFileReference; lastKnownFileType = sourcecode.swift; path = TestUtilities.swift; sourceTree = "<group>"; };
		B03390E4B862F99BD579373A /* AppState.swift */ = {isa = PBXFileReference; lastKnownFileType = sourcecode.swift; path = AppState.swift; sourceTree = "<group>"; };
		BBB2A0C7622E11BF4E74FB8F /* ImageBrowserUITests.swift */ = {isa = PBXFileReference; lastKnownFileType = sourcecode.swift; path = ImageBrowserUITests.swift; sourceTree = "<group>"; };
		BF6AE1AB75DF1A8DF7F3EC32 /* ImageBrowser.app */ = {isa = PBXFileReference; explicitFileType = wrapper.application; includeInIndex = 0; path = ImageBrowser.app; sourceTree = BUILT_PRODUCTS_DIR; };
		F5E1C9EB9FE65D961E8C1057 /* ImageBrowserTests.xctest */ = {isa = PBXFileReference; explicitFileType = wrapper.cfbundle; includeInIndex = 0; path = ImageBrowserTests.xctest; sourceTree = BUILT_PRODUCTS_DIR; };
/* End PBXFileReference section */

/* Begin PBXGroup section */
		1C19FB650A762EEC7A8323C1 /* ImageBrowser */ = {
			isa = PBXGroup;
			children = (
				9A7B51DECBDAABE222098C57 /* AppDependencies.swift */,
				B03390E4B862F99BD579373A /* AppState.swift */,
				408674AE3E5D03D2C43D7631 /* Assets.xcassets */,
				3FF8F500097C69E58489EAA0 /* ContentView.swift */,
				36716288BAB11C21DFC97426 /* FolderPicking.swift */,
				5235A1FB2C0901373CAB3BEE /* ImageBrowserApp.swift */,
			);
			path = ImageBrowser;
			sourceTree = "<group>";
		};
		1D1165604E832599CE34434B /* Products */ = {
			isa = PBXGroup;
			children = (
				BF6AE1AB75DF1A8DF7F3EC32 /* ImageBrowser.app */,
				F5E1C9EB9FE65D961E8C1057 /* ImageBrowserTests.xctest */,
				462148C641D7B6C298B288CD /* ImageBrowserUITests.xctest */,
			);
			name = Products;
			sourceTree = "<group>";
		};
		C5429C8B57BE77D5B874CD0E /* Sources */ = {
			isa = PBXGroup;
			children = (
				1C19FB650A762EEC7A8323C1 /* ImageBrowser */,
			);
			path = Sources;
			sourceTree = "<group>";
		};
		E06E8A19B255CB8BCF39A453 /* UITests */ = {
			isa = PBXGroup;
			children = (
				BBB2A0C7622E11BF4E74FB8F /* ImageBrowserUITests.swift */,
			);
			path = UITests;
			sourceTree = "<group>";
		};
		E263E841AD1D0EA6CC7D984E /* ImageBrowserTests */ = {
			isa = PBXGroup;
			children = (
				6A19F878EA331A44889C6E82 /* AppStateTests.swift */,
				027705B08F3A2A887699AB1D /* FolderEnumerationTests.swift */,
				AE379F0E7A4E752E73A2AA95 /* TestUtilities.swift */,
			);
			path = ImageBrowserTests;
			sourceTree = "<group>";
		};
		EE2C9CC216820A1CAD55E5DF /* Tests */ = {
			isa = PBXGroup;
			children = (
				E263E841AD1D0EA6CC7D984E /* ImageBrowserTests */,
			);
			path = Tests;
			sourceTree = "<group>";
		};
		EE40BCCF66EEE04119A66D30 = {
			isa = PBXGroup;
			children = (
				C5429C8B57BE77D5B874CD0E /* Sources */,
				EE2C9CC216820A1CAD55E5DF /* Tests */,
				E06E8A19B255CB8BCF39A453 /* UITests */,
				1D1165604E832599CE34434B /* Products */,
			);
			sourceTree = "<group>";
		};
/* End PBXGroup section */

/* Begin PBXNativeTarget section */
		400D5A2D3D5195A4A6E00041 /* ImageBrowser */ = {
			isa = PBXNativeTarget;
			buildConfigurationList = FBBA59C7EAAFBA4B1C10368F /* Build configuration list for PBXNativeTarget "ImageBrowser" */;
			buildPhases = (
				5EE9BD1B2C3D2ED34FC50D10 /* Sources */,
				D9A1FB4AAA93D43151C8062C /* Resources */,
			);
			buildRules = (
			);
			dependencies = (
			);
			name = ImageBrowser;
			packageProductDependencies = (
			);
			productName = ImageBrowser;
			productReference = BF6AE1AB75DF1A8DF7F3EC32 /* ImageBrowser.app */;
			productType = "com.apple.product-type.application";
		};
		4FAF1B194255FD2D56BCA9A7 /* ImageBrowserTests */ = {
			isa = PBXNativeTarget;
			buildConfigurationList = D1BC059447551BEB221BB964 /* Build configuration list for PBXNativeTarget "ImageBrowserTests" */;
			buildPhases = (
				EE17865D4E7FA706E2AC866F /* Sources */,
			);
			buildRules = (
			);
			dependencies = (
				862655CAA5D4727861966D62 /* PBXTargetDependency */,
			);
			name = ImageBrowserTests;
			packageProductDependencies = (
			);
			productName = ImageBrowserTests;
			productReference = F5E1C9EB9FE65D961E8C1057 /* ImageBrowserTests.xctest */;
			productType = "com.apple.product-type.bundle.unit-test";
		};
		92D43A5CA0B4AB193BD34770 /* ImageBrowserUITests */ = {
			isa = PBXNativeTarget;
			buildConfigurationList = 682C46D361B4F6F0232B53B8 /* Build configuration list for PBXNativeTarget "ImageBrowserUITests" */;
			buildPhases = (
				6D1E597B7973977EF3487464 /* Sources */,
			);
			buildRules = (
			);
			dependencies = (
				E616710753BDD228A2123A5C /* PBXTargetDependency */,
			);
			name = ImageBrowserUITests;
			packageProductDependencies = (
			);
			productName = ImageBrowserUITests;
			productReference = 462148C641D7B6C298B288CD /* ImageBrowserUITests.xctest */;
			productType = "com.apple.product-type.bundle.ui-testing";
		};
/* End PBXNativeTarget section */

/* Begin PBXProject section */
		6016C9F57270B0A3FD9F5F2C /* Project object */ = {
			isa = PBXProject;
			attributes = {
				BuildIndependentTargetsInParallel = YES;
				LastUpgradeCheck = 1500;
				TargetAttributes = {
					400D5A2D3D5195A4A6E00041 = {
						DevelopmentTeam = "";
					};
					4FAF1B194255FD2D56BCA9A7 = {
						DevelopmentTeam = "";
					};
					92D43A5CA0B4AB193BD34770 = {
						DevelopmentTeam = "";
						TestTargetID = 400D5A2D3D5195A4A6E00041;
					};
				};
			};
			buildConfigurationList = E6C4088F3734D12C30F10398 /* Build configuration list for PBXProject "ImageBrowser" */;
			compatibilityVersion = "Xcode 14.0";
			developmentRegion = en;
			hasScannedForEncodings = 0;
			knownRegions = (
				Base,
				en,
			);
			mainGroup = EE40BCCF66EEE04119A66D30;
			minimizedProjectReferenceProxies = 1;
			preferredProjectObjectVersion = 77;
			projectDirPath = "";
			projectRoot = "";
			targets = (
				400D5A2D3D5195A4A6E00041 /* ImageBrowser */,
				4FAF1B194255FD2D56BCA9A7 /* ImageBrowserTests */,
				92D43A5CA0B4AB193BD34770 /* ImageBrowserUITests */,
			);
		};
/* End PBXProject section */

/* Begin PBXResourcesBuildPhase section */
		D9A1FB4AAA93D43151C8062C /* Resources */ = {
			isa = PBXResourcesBuildPhase;
			buildActionMask = 2147483647;
			files = (
				439563972852D52A489A2DD0 /* Assets.xcassets in Resources */,
			);
			runOnlyForDeploymentPostprocessing = 0;
		};
/* End PBXResourcesBuildPhase section */

/* Begin PBXSourcesBuildPhase section */
		5EE9BD1B2C3D2ED34FC50D10 /* Sources */ = {
			isa = PBXSourcesBuildPhase;
			buildActionMask = 2147483647;
			files = (
				A8BCB927568521CEFDD41942 /* AppDependencies.swift in Sources */,
				EA2491FF67186DACBA088A5B /* AppState.swift in Sources */,
				17A7B568B42C8FDCCF7D6D4A /* ContentView.swift in Sources */,
				37D5A72DF9D4A0A5EEBDE077 /* FolderPicking.swift in Sources */,
				5C71B34DA9225499937CF84A /* ImageBrowserApp.swift in Sources */,
			);
			runOnlyForDeploymentPostprocessing = 0;
		};
		6D1E597B7973977EF3487464 /* Sources */ = {
			isa = PBXSourcesBuildPhase;
			buildActionMask = 2147483647;
			files = (
				945235624928B6193B7E7B1D /* ImageBrowserUITests.swift in Sources */,
			);
			runOnlyForDeploymentPostprocessing = 0;
		};
		EE17865D4E7FA706E2AC866F /* Sources */ = {
			isa = PBXSourcesBuildPhase;
			buildActionMask = 2147483647;
			files = (
				85D6BC30B74F86F762306F7C /* AppStateTests.swift in Sources */,
				EE57AFBCF8FDA56266FB52E9 /* FolderEnumerationTests.swift in Sources */,
				EE03439B6D5A303F3970EF98 /* TestUtilities.swift in Sources */,
			);
			runOnlyForDeploymentPostprocessing = 0;
		};
/* End PBXSourcesBuildPhase section */

/* Begin PBXTargetDependency section */
		862655CAA5D4727861966D62 /* PBXTargetDependency */ = {
			isa = PBXTargetDependency;
			target = 400D5A2D3D5195A4A6E00041 /* ImageBrowser */;
			targetProxy = D5AA018922A6E971B714DF98 /* PBXContainerItemProxy */;
		};
		E616710753BDD228A2123A5C /* PBXTargetDependency */ = {
			isa = PBXTargetDependency;
			target = 400D5A2D3D5195A4A6E00041 /* ImageBrowser */;
			targetProxy = D8B33C4B3B5A32332A786A4F /* PBXContainerItemProxy */;
		};
/* End PBXTargetDependency section */

/* Begin XCBuildConfiguration section */
		03BECF49922C7D77C7609B9B /* Release */ = {
			isa = XCBuildConfiguration;
			buildSettings = {
				ALWAYS_SEARCH_USER_PATHS = NO;
				CLANG_ANALYZER_NONNULL = YES;
				CLANG_ANALYZER_NUMBER_OBJECT_CONVERSION = YES_AGGRESSIVE;
				CLANG_CXX_LANGUAGE_STANDARD = "gnu++14";
				CLANG_CXX_LIBRARY = "libc++";
				CLANG_ENABLE_MODULES = YES;
				CLANG_ENABLE_OBJC_ARC = YES;
				CLANG_ENABLE_OBJC_WEAK = YES;
				CLANG_WARN_BLOCK_CAPTURE_AUTORELEASING = YES;
				CLANG_WARN_BOOL_CONVERSION = YES;
				CLANG_WARN_COMMA = YES;
				CLANG_WARN_CONSTANT_CONVERSION = YES;
				CLANG_WARN_DEPRECATED_OBJC_IMPLEMENTATIONS = YES;
				CLANG_WARN_DIRECT_OBJC_ISA_USAGE = YES_ERROR;
				CLANG_WARN_DOCUMENTATION_COMMENTS = YES;
				CLANG_WARN_EMPTY_BODY = YES;
				CLANG_WARN_ENUM_CONVERSION = YES;
				CLANG_WARN_INFINITE_RECURSION = YES;
				CLANG_WARN_INT_CONVERSION = YES;
				CLANG_WARN_NON_LITERAL_NULL_CONVERSION = YES;
				CLANG_WARN_OBJC_IMPLICIT_RETAIN_SELF = YES;
				CLANG_WARN_OBJC_LITERAL_CONVERSION = YES;
				CLANG_WARN_OBJC_ROOT_CLASS = YES_ERROR;
				CLANG_WARN_QUOTED_INCLUDE_IN_FRAMEWORK_HEADER = YES;
				CLANG_WARN_RANGE_LOOP_ANALYSIS = YES;
				CLANG_WARN_STRICT_PROTOTYPES = YES;
				CLANG_WARN_SUSPICIOUS_MOVE = YES;
				CLANG_WARN_UNGUARDED_AVAILABILITY = YES_AGGRESSIVE;
				CLANG_WARN_UNREACHABLE_CODE = YES;
				CLANG_WARN__DUPLICATE_METHOD_MATCH = YES;
				CODE_SIGNING_ALLOWED = NO;
				CODE_SIGNING_REQUIRED = NO;
				CODE_SIGN_IDENTITY = "-";
				COPY_PHASE_STRIP = NO;
				CURRENT_PROJECT_VERSION = 1;
				DEBUG_INFORMATION_FORMAT = "dwarf-with-dsym";
				DEVELOPMENT_TEAM = "";
				ENABLE_NS_ASSERTIONS = NO;
				ENABLE_STRICT_OBJC_MSGSEND = YES;
				GCC_C_LANGUAGE_STANDARD = gnu11;
				GCC_NO_COMMON_BLOCKS = YES;
				GCC_WARN_64_TO_32_BIT_CONVERSION = YES;
				GCC_WARN_ABOUT_RETURN_TYPE = YES_ERROR;
				GCC_WARN_UNDECLARED_SELECTOR = YES;
				GCC_WARN_UNINITIALIZED_AUTOS = YES_AGGRESSIVE;
				GCC_WARN_UNUSED_FUNCTION = YES;
				GCC_WARN_UNUSED_VARIABLE = YES;
				MACOSX_DEPLOYMENT_TARGET = 13.0;
				MARKETING_VERSION = 1.0;
				MTL_ENABLE_DEBUG_INFO = NO;
				MTL_FAST_MATH = YES;
				PRODUCT_NAME = "$(TARGET_NAME)";
				SDKROOT = macosx;
				SWIFT_COMPILATION_MODE = wholemodule;
				SWIFT_OPTIMIZATION_LEVEL = "-O";
				SWIFT_VERSION = 5.9;
			};
			name = Release;
		};
		379DFF5A758F4F74D33FE2FB /* Debug */ = {
			isa = XCBuildConfiguration;
			buildSettings = {
				BUNDLE_LOADER = "$(TEST_HOST)";
				COMBINE_HIDPI_IMAGES = YES;
				LD_RUNPATH_SEARCH_PATHS = (
					"$(inherited)",
					"@executable_path/../Frameworks",
					"@loader_path/../Frameworks",
				);
				MACOSX_DEPLOYMENT_TARGET = 13.0;
				PRODUCT_BUNDLE_IDENTIFIER = com.imagebrowser.ImageBrowserTests;
				SDKROOT = macosx;
				TEST_HOST = "$(BUILT_PRODUCTS_DIR)/ImageBrowser.app/Contents/MacOS/ImageBrowser";
			};
			name = Debug;
		};
		920FDCA90309CBE7EBBFCBF6 /* Debug */ = {
			isa = XCBuildConfiguration;
			buildSettings = {
				BUNDLE_LOADER = "$(TEST_HOST)";
				COMBINE_HIDPI_IMAGES = YES;
				LD_RUNPATH_SEARCH_PATHS = (
					"$(inherited)",
					"@executable_path/Frameworks",
					"@loader_path/Frameworks",
				);
				MACOSX_DEPLOYMENT_TARGET = 13.0;
				PRODUCT_BUNDLE_IDENTIFIER = com.imagebrowser.ImageBrowserUITests;
				SDKROOT = macosx;
				TEST_TARGET_NAME = ImageBrowser;
			};
			name = Debug;
		};
		AEC40460732238F7550CCBBB /* Release */ = {
			isa = XCBuildConfiguration;
			buildSettings = {
				BUNDLE_LOADER = "$(TEST_HOST)";
				COMBINE_HIDPI_IMAGES = YES;
				LD_RUNPATH_SEARCH_PATHS = (
					"$(inherited)",
					"@executable_path/../Frameworks",
					"@loader_path/../Frameworks",
				);
				MACOSX_DEPLOYMENT_TARGET = 13.0;
				PRODUCT_BUNDLE_IDENTIFIER = com.imagebrowser.ImageBrowserTests;
				SDKROOT = macosx;
				TEST_HOST = "$(BUILT_PRODUCTS_DIR)/ImageBrowser.app/Contents/MacOS/ImageBrowser";
			};
			name = Release;
		};
		C3230F318AE64891483A2AF5 /* Debug */ = {
			isa = XCBuildConfiguration;
			buildSettings = {
				ALWAYS_SEARCH_USER_PATHS = NO;
				CLANG_ANALYZER_NONNULL = YES;
				CLANG_ANALYZER_NUMBER_OBJECT_CONVERSION = YES_AGGRESSIVE;
				CLANG_CXX_LANGUAGE_STANDARD = "gnu++14";
				CLANG_CXX_LIBRARY = "libc++";
				CLANG_ENABLE_MODULES = YES;
				CLANG_ENABLE_OBJC_ARC = YES;
				CLANG_ENABLE_OBJC_WEAK = YES;
				CLANG_WARN_BLOCK_CAPTURE_AUTORELEASING = YES;
				CLANG_WARN_BOOL_CONVERSION = YES;
				CLANG_WARN_COMMA = YES;
				CLANG_WARN_CONSTANT_CONVERSION = YES;
				CLANG_WARN_DEPRECATED_OBJC_IMPLEMENTATIONS = YES;
				CLANG_WARN_DIRECT_OBJC_ISA_USAGE = YES_ERROR;
				CLANG_WARN_DOCUMENTATION_COMMENTS = YES;
				CLANG_WARN_EMPTY_BODY = YES;
				CLANG_WARN_ENUM_CONVERSION = YES;
				CLANG_WARN_INFINITE_RECURSION = YES;
				CLANG_WARN_INT_CONVERSION = YES;
				CLANG_WARN_NON_LITERAL_NULL_CONVERSION = YES;
				CLANG_WARN_OBJC_IMPLICIT_RETAIN_SELF = YES;
				CLANG_WARN_OBJC_LITERAL_CONVERSION = YES;
				CLANG_WARN_OBJC_ROOT_CLASS = YES_ERROR;
				CLANG_WARN_QUOTED_INCLUDE_IN_FRAMEWORK_HEADER = YES;
				CLANG_WARN_RANGE_LOOP_ANALYSIS = YES;
				CLANG_WARN_STRICT_PROTOTYPES = YES;
				CLANG_WARN_SUSPICIOUS_MOVE = YES;
				CLANG_WARN_UNGUARDED_AVAILABILITY = YES_AGGRESSIVE;
				CLANG_WARN_UNREACHABLE_CODE = YES;
				CLANG_WARN__DUPLICATE_METHOD_MATCH = YES;
				CODE_SIGNING_ALLOWED = NO;
				CODE_SIGNING_REQUIRED = NO;
				CODE_SIGN_IDENTITY = "-";
				COPY_PHASE_STRIP = NO;
				CURRENT_PROJECT_VERSION = 1;
				DEBUG_INFORMATION_FORMAT = dwarf;
				DEVELOPMENT_TEAM = "";
				ENABLE_STRICT_OBJC_MSGSEND = YES;
				ENABLE_TESTABILITY = YES;
				GCC_C_LANGUAGE_STANDARD = gnu11;
				GCC_DYNAMIC_NO_PIC = NO;
				GCC_NO_COMMON_BLOCKS = YES;
				GCC_OPTIMIZATION_LEVEL = 0;
				GCC_PREPROCESSOR_DEFINITIONS = (
					"$(inherited)",
					"DEBUG=1",
				);
				GCC_WARN_64_TO_32_BIT_CONVERSION = YES;
				GCC_WARN_ABOUT_RETURN_TYPE = YES_ERROR;
				GCC_WARN_UNDECLARED_SELECTOR = YES;
				GCC_WARN_UNINITIALIZED_AUTOS = YES_AGGRESSIVE;
				GCC_WARN_UNUSED_FUNCTION = YES;
				GCC_WARN_UNUSED_VARIABLE = YES;
				MACOSX_DEPLOYMENT_TARGET = 13.0;
				MARKETING_VERSION = 1.0;
				MTL_ENABLE_DEBUG_INFO = INCLUDE_SOURCE;
				MTL_FAST_MATH = YES;
				ONLY_ACTIVE_ARCH = YES;
				PRODUCT_NAME = "$(TARGET_NAME)";
				SDKROOT = macosx;
				SWIFT_ACTIVE_COMPILATION_CONDITIONS = DEBUG;
				SWIFT_OPTIMIZATION_LEVEL = "-Onone";
				SWIFT_VERSION = 5.9;
			};
			name = Debug;
		};
		E1EC5E968EB56D551A800F79 /* Release */ = {
			isa = XCBuildConfiguration;
			buildSettings = {
				BUNDLE_LOADER = "$(TEST_HOST)";
				COMBINE_HIDPI_IMAGES = YES;
				LD_RUNPATH_SEARCH_PATHS = (
					"$(inherited)",
					"@executable_path/Frameworks",
					"@loader_path/Frameworks",
				);
				MACOSX_DEPLOYMENT_TARGET = 13.0;
				PRODUCT_BUNDLE_IDENTIFIER = com.imagebrowser.ImageBrowserUITests;
				SDKROOT = macosx;
				TEST_TARGET_NAME = ImageBrowser;
			};
			name = Release;
		};
		F6F3F09A10109653B2EA716A /* Release */ = {
			isa = XCBuildConfiguration;
			buildSettings = {
				ASSETCATALOG_COMPILER_APPICON_NAME = AppIcon;
				CODE_SIGN_ENTITLEMENTS = "";
				COMBINE_HIDPI_IMAGES = YES;
				ENABLE_HARDENED_RUNTIME = YES;
				INFOPLIST_FILE = Sources/ImageBrowser/Info.plist;
				LD_RUNPATH_SEARCH_PATHS = (
					"$(inherited)",
					"@executable_path/../Frameworks",
				);
				MACOSX_DEPLOYMENT_TARGET = 13.0;
				PRODUCT_BUNDLE_IDENTIFIER = com.imagebrowser.ImageBrowser;
				PRODUCT_NAME = ImageBrowser;
				SDKROOT = macosx;
				SWIFT_EMIT_LOC_STRINGS = YES;
			};
			name = Release;
		};
		FC9B2B7C1C33E22DA2C0CA05 /* Debug */ = {
			isa = XCBuildConfiguration;
			buildSettings = {
				ASSETCATALOG_COMPILER_APPICON_NAME = AppIcon;
				CODE_SIGN_ENTITLEMENTS = "";
				COMBINE_HIDPI_IMAGES = YES;
				ENABLE_HARDENED_RUNTIME = YES;
				INFOPLIST_FILE = Sources/ImageBrowser/Info.plist;
				LD_RUNPATH_SEARCH_PATHS = (
					"$(inherited)",
					"@executable_path/../Frameworks",
				);
				MACOSX_DEPLOYMENT_TARGET = 13.0;
				PRODUCT_BUNDLE_IDENTIFIER = com.imagebrowser.ImageBrowser;
				PRODUCT_NAME = ImageBrowser;
				SDKROOT = macosx;
				SWIFT_EMIT_LOC_STRINGS = YES;
			};
			name = Debug;
		};
/* End XCBuildConfiguration section */

/* Begin XCConfigurationList section */
		682C46D361B4F6F0232B53B8 /* Build configuration list for PBXNativeTarget "ImageBrowserUITests" */ = {
			isa = XCConfigurationList;
			buildConfigurations = (
				920FDCA90309CBE7EBBFCBF6 /* Debug */,
				E1EC5E968EB56D551A800F79 /* Release */,
			);
			defaultConfigurationIsVisible = 0;
			defaultConfigurationName = Debug;
		};
		D1BC059447551BEB221BB964 /* Build configuration list for PBXNativeTarget "ImageBrowserTests" */ = {
			isa = XCConfigurationList;
			buildConfigurations = (
				379DFF5A758F4F74D33FE2FB /* Debug */,
				AEC40460732238F7550CCBBB /* Release */,
			);
			defaultConfigurationIsVisible = 0;
			defaultConfigurationName = Debug;
		};
		E6C4088F3734D12C30F10398 /* Build configuration list for PBXProject "ImageBrowser" */ = {
			isa = XCConfigurationList;
			buildConfigurations = (
				C3230F318AE64891483A2AF5 /* Debug */,
				03BECF49922C7D77C7609B9B /* Release */,
			);
			defaultConfigurationIsVisible = 0;
			defaultConfigurationName = Debug;
		};
		FBBA59C7EAAFBA4B1C10368F /* Build configuration list for PBXNativeTarget "ImageBrowser" */ = {
			isa = XCConfigurationList;
			buildConfigurations = (
				FC9B2B7C1C33E22DA2C0CA05 /* Debug */,
				F6F3F09A10109653B2EA716A /* Release */,
			);
			defaultConfigurationIsVisible = 0;
			defaultConfigurationName = Debug;
		};
/* End XCConfigurationList section */
	};
	rootObject = 6016C9F57270B0A3FD9F5F2C /* Project object */;
}
